// !$*UTF8*$!
{
	archiveVersion = 1;
	classes = {
	};
	objectVersion = 55;
	objects = {

/* Begin PBXBuildFile section */
		8A08ADE5270FC9410064B97A /* 4179.swift in Sources */ = {isa = PBXBuildFile; fileRef = 8A08ADE4270FC9410064B97A /* 4179.swift */; };
		8A298BEF271B1A21001AD94A /* 2606.swift in Sources */ = {isa = PBXBuildFile; fileRef = 8A298BEE271B1A21001AD94A /* 2606.swift */; };
		8A3DA1F127150EDE006DB1F5 /* 2146.swift in Sources */ = {isa = PBXBuildFile; fileRef = 8A3DA1F027150EDE006DB1F5 /* 2146.swift */; };
		8A7ACA5B2712A2EF00BC3ED5 /* 2583.swift in Sources */ = {isa = PBXBuildFile; fileRef = 8A7ACA5A2712A2EF00BC3ED5 /* 2583.swift */; };
		8A7ADAE8271EDE7B008AB620 /* 10026.swift in Sources */ = {isa = PBXBuildFile; fileRef = 8A7ADAE7271EDE7B008AB620 /* 10026.swift */; };
		8A973E53270B2D6B00EA3667 /* main.swift in Sources */ = {isa = PBXBuildFile; fileRef = 8A973E52270B2D6B00EA3667 /* main.swift */; };
		8A973E62270B33CB00EA3667 /* 1697.swift in Sources */ = {isa = PBXBuildFile; fileRef = 8A973E61270B33CB00EA3667 /* 1697.swift */; };
		8AA28D9727129B390011304E /* 7569.swift in Sources */ = {isa = PBXBuildFile; fileRef = 8AA28D9627129B390011304E /* 7569.swift */; };
		8AABD7E2270EF12400DAEFE4 /* 7576.swift in Sources */ = {isa = PBXBuildFile; fileRef = 8AABD7E1270EF12400DAEFE4 /* 7576.swift */; };
		8AB2CD4F270C5EDA0083C88A /* 7562.swift in Sources */ = {isa = PBXBuildFile; fileRef = 8AB2CD4E270C5EDA0083C88A /* 7562.swift */; };
		8AB64DEC270C74CA00CFCAA7 /* 2178.swift in Sources */ = {isa = PBXBuildFile; fileRef = 8AB64DEB270C74CA00CFCAA7 /* 2178.swift */; };
		8AB64DEE270C7E9700CFCAA7 /* 1926.swift in Sources */ = {isa = PBXBuildFile; fileRef = 8AB64DED270C7E9700CFCAA7 /* 1926.swift */; };
		8AC5C4CD270F582F0052CF18 /* 1012.swift in Sources */ = {isa = PBXBuildFile; fileRef = 8AC5C4CC270F582F0052CF18 /* 1012.swift */; };
		8AED42C6271459EC005332C6 /* 2667.swift in Sources */ = {isa = PBXBuildFile; fileRef = 8AED42C5271459EC005332C6 /* 2667.swift */; };
		8AED42C82714694E005332C6 /* 2468.swift in Sources */ = {isa = PBXBuildFile; fileRef = 8AED42C72714694E005332C6 /* 2468.swift */; };
/* End PBXBuildFile section */

/* Begin PBXCopyFilesBuildPhase section */
		8A973E4D270B2D6B00EA3667 /* CopyFiles */ = {
			isa = PBXCopyFilesBuildPhase;
			buildActionMask = 2147483647;
			dstPath = /usr/share/man/man1/;
			dstSubfolderSpec = 0;
			files = (
			);
			runOnlyForDeploymentPostprocessing = 1;
		};
/* End PBXCopyFilesBuildPhase section */

/* Begin PBXFileReference section */
		8A08ADE4270FC9410064B97A /* 4179.swift */ = {isa = PBXFileReference; lastKnownFileType = sourcecode.swift; path = 4179.swift; sourceTree = "<group>"; };
		8A298BEE271B1A21001AD94A /* 2606.swift */ = {isa = PBXFileReference; lastKnownFileType = sourcecode.swift; path = 2606.swift; sourceTree = "<group>"; };
		8A3DA1F027150EDE006DB1F5 /* 2146.swift */ = {isa = PBXFileReference; lastKnownFileType = sourcecode.swift; path = 2146.swift; sourceTree = "<group>"; };
		8A7ACA5A2712A2EF00BC3ED5 /* 2583.swift */ = {isa = PBXFileReference; lastKnownFileType = sourcecode.swift; path = 2583.swift; sourceTree = "<group>"; };
		8A7ADAE7271EDE7B008AB620 /* 10026.swift */ = {isa = PBXFileReference; lastKnownFileType = sourcecode.swift; path = 10026.swift; sourceTree = "<group>"; };
		8A973E4F270B2D6B00EA3667 /* BFS_BOJ */ = {isa = PBXFileReference; explicitFileType = "compiled.mach-o.executable"; includeInIndex = 0; path = BFS_BOJ; sourceTree = BUILT_PRODUCTS_DIR; };
		8A973E52270B2D6B00EA3667 /* main.swift */ = {isa = PBXFileReference; lastKnownFileType = sourcecode.swift; path = main.swift; sourceTree = "<group>"; };
		8A973E61270B33CB00EA3667 /* 1697.swift */ = {isa = PBXFileReference; lastKnownFileType = sourcecode.swift; path = 1697.swift; sourceTree = "<group>"; };
		8AA28D9627129B390011304E /* 7569.swift */ = {isa = PBXFileReference; lastKnownFileType = sourcecode.swift; path = 7569.swift; sourceTree = "<group>"; };
		8AABD7E1270EF12400DAEFE4 /* 7576.swift */ = {isa = PBXFileReference; lastKnownFileType = sourcecode.swift; path = 7576.swift; sourceTree = "<group>"; };
		8AB2CD4E270C5EDA0083C88A /* 7562.swift */ = {isa = PBXFileReference; fileEncoding = 4; lastKnownFileType = sourcecode.swift; path = 7562.swift; sourceTree = "<group>"; };
		8AB64DEB270C74CA00CFCAA7 /* 2178.swift */ = {isa = PBXFileReference; lastKnownFileType = sourcecode.swift; path = 2178.swift; sourceTree = "<group>"; };
		8AB64DED270C7E9700CFCAA7 /* 1926.swift */ = {isa = PBXFileReference; lastKnownFileType = sourcecode.swift; path = 1926.swift; sourceTree = "<group>"; };
		8AC5C4CC270F582F0052CF18 /* 1012.swift */ = {isa = PBXFileReference; lastKnownFileType = sourcecode.swift; path = 1012.swift; sourceTree = "<group>"; };
		8AED42C5271459EC005332C6 /* 2667.swift */ = {isa = PBXFileReference; lastKnownFileType = sourcecode.swift; path = 2667.swift; sourceTree = "<group>"; };
		8AED42C72714694E005332C6 /* 2468.swift */ = {isa = PBXFileReference; lastKnownFileType = sourcecode.swift; path = 2468.swift; sourceTree = "<group>"; };
/* End PBXFileReference section */

/* Begin PBXFrameworksBuildPhase section */
		8A973E4C270B2D6B00EA3667 /* Frameworks */ = {
			isa = PBXFrameworksBuildPhase;
			buildActionMask = 2147483647;
			files = (
			);
			runOnlyForDeploymentPostprocessing = 0;
		};
/* End PBXFrameworksBuildPhase section */

/* Begin PBXGroup section */
		8A973E46270B2D6B00EA3667 = {
			isa = PBXGroup;
			children = (
				8A973E51270B2D6B00EA3667 /* BFS_BOJ */,
				8A973E50270B2D6B00EA3667 /* Products */,
			);
			sourceTree = "<group>";
		};
		8A973E50270B2D6B00EA3667 /* Products */ = {
			isa = PBXGroup;
			children = (
				8A973E4F270B2D6B00EA3667 /* BFS_BOJ */,
			);
			name = Products;
			sourceTree = "<group>";
		};
		8A973E51270B2D6B00EA3667 /* BFS_BOJ */ = {
			isa = PBXGroup;
			children = (
				8A973E52270B2D6B00EA3667 /* main.swift */,
				8A973E61270B33CB00EA3667 /* 1697.swift */,
				8AB2CD4E270C5EDA0083C88A /* 7562.swift */,
				8AB64DEB270C74CA00CFCAA7 /* 2178.swift */,
				8AB64DED270C7E9700CFCAA7 /* 1926.swift */,
				8AABD7E1270EF12400DAEFE4 /* 7576.swift */,
				8AC5C4CC270F582F0052CF18 /* 1012.swift */,
				8A08ADE4270FC9410064B97A /* 4179.swift */,
				8AA28D9627129B390011304E /* 7569.swift */,
				8A7ACA5A2712A2EF00BC3ED5 /* 2583.swift */,
				8AED42C5271459EC005332C6 /* 2667.swift */,
				8AED42C72714694E005332C6 /* 2468.swift */,
				8A3DA1F027150EDE006DB1F5 /* 2146.swift */,
				8A298BEE271B1A21001AD94A /* 2606.swift */,
				8A7ADAE7271EDE7B008AB620 /* 10026.swift */,
			);
			path = BFS_BOJ;
			sourceTree = "<group>";
		};
/* End PBXGroup section */

/* Begin PBXNativeTarget section */
		8A973E4E270B2D6B00EA3667 /* BFS_BOJ */ = {
			isa = PBXNativeTarget;
			buildConfigurationList = 8A973E56270B2D6B00EA3667 /* Build configuration list for PBXNativeTarget "BFS_BOJ" */;
			buildPhases = (
				8A973E4B270B2D6B00EA3667 /* Sources */,
				8A973E4C270B2D6B00EA3667 /* Frameworks */,
				8A973E4D270B2D6B00EA3667 /* CopyFiles */,
			);
			buildRules = (
			);
			dependencies = (
			);
			name = BFS_BOJ;
			productName = BFS_BOJ;
			productReference = 8A973E4F270B2D6B00EA3667 /* BFS_BOJ */;
			productType = "com.apple.product-type.tool";
		};
/* End PBXNativeTarget section */

/* Begin PBXProject section */
		8A973E47270B2D6B00EA3667 /* Project object */ = {
			isa = PBXProject;
			attributes = {
				BuildIndependentTargetsInParallel = 1;
				LastSwiftUpdateCheck = 1300;
				LastUpgradeCheck = 1300;
				TargetAttributes = {
					8A973E4E270B2D6B00EA3667 = {
						CreatedOnToolsVersion = 13.0;
					};
				};
			};
			buildConfigurationList = 8A973E4A270B2D6B00EA3667 /* Build configuration list for PBXProject "BFS_BOJ" */;
			compatibilityVersion = "Xcode 13.0";
			developmentRegion = en;
			hasScannedForEncodings = 0;
			knownRegions = (
				en,
				Base,
			);
			mainGroup = 8A973E46270B2D6B00EA3667;
			productRefGroup = 8A973E50270B2D6B00EA3667 /* Products */;
			projectDirPath = "";
			projectRoot = "";
			targets = (
				8A973E4E270B2D6B00EA3667 /* BFS_BOJ */,
			);
		};
/* End PBXProject section */

/* Begin PBXSourcesBuildPhase section */
		8A973E4B270B2D6B00EA3667 /* Sources */ = {
			isa = PBXSourcesBuildPhase;
			buildActionMask = 2147483647;
			files = (
				8AB64DEE270C7E9700CFCAA7 /* 1926.swift in Sources */,
				8A7ADAE8271EDE7B008AB620 /* 10026.swift in Sources */,
				8A973E62270B33CB00EA3667 /* 1697.swift in Sources */,
				8AA28D9727129B390011304E /* 7569.swift in Sources */,
				8A08ADE5270FC9410064B97A /* 4179.swift in Sources */,
				8AED42C6271459EC005332C6 /* 2667.swift in Sources */,
				8AED42C82714694E005332C6 /* 2468.swift in Sources */,
				8A3DA1F127150EDE006DB1F5 /* 2146.swift in Sources */,
				8AB2CD4F270C5EDA0083C88A /* 7562.swift in Sources */,
				8A7ACA5B2712A2EF00BC3ED5 /* 2583.swift in Sources */,
				8AC5C4CD270F582F0052CF18 /* 1012.swift in Sources */,
				8AABD7E2270EF12400DAEFE4 /* 7576.swift in Sources */,
				8A298BEF271B1A21001AD94A /* 2606.swift in Sources */,
				8A973E53270B2D6B00EA3667 /* main.swift in Sources */,
				8AB64DEC270C74CA00CFCAA7 /* 2178.swift in Sources */,
			);
			runOnlyForDeploymentPostprocessing = 0;
		};
/* End PBXSourcesBuildPhase section */

/* Begin XCBuildConfiguration section */
		8A973E54270B2D6B00EA3667 /* Debug */ = {
			isa = XCBuildConfiguration;
			buildSettings = {
				ALWAYS_SEARCH_USER_PATHS = NO;
				CLANG_ANALYZER_NONNULL = YES;
				CLANG_ANALYZER_NUMBER_OBJECT_CONVERSION = YES_AGGRESSIVE;
				CLANG_CXX_LANGUAGE_STANDARD = "gnu++17";
				CLANG_CXX_LIBRARY = "libc++";
				CLANG_ENABLE_MODULES = YES;
				CLANG_ENABLE_OBJC_ARC = YES;
				CLANG_ENABLE_OBJC_WEAK = YES;
				CLANG_WARN_BLOCK_CAPTURE_AUTORELEASING = YES;
				CLANG_WARN_BOOL_CONVERSION = YES;
				CLANG_WARN_COMMA = YES;
				CLANG_WARN_CONSTANT_CONVERSION = YES;
				CLANG_WARN_DEPRECATED_OBJC_IMPLEMENTATIONS = YES;
				CLANG_WARN_DIRECT_OBJC_ISA_USAGE = YES_ERROR;
				CLANG_WARN_DOCUMENTATION_COMMENTS = YES;
				CLANG_WARN_EMPTY_BODY = YES;
				CLANG_WARN_ENUM_CONVERSION = YES;
				CLANG_WARN_INFINITE_RECURSION = YES;
				CLANG_WARN_INT_CONVERSION = YES;
				CLANG_WARN_NON_LITERAL_NULL_CONVERSION = YES;
				CLANG_WARN_OBJC_IMPLICIT_RETAIN_SELF = YES;
				CLANG_WARN_OBJC_LITERAL_CONVERSION = YES;
				CLANG_WARN_OBJC_ROOT_CLASS = YES_ERROR;
				CLANG_WARN_QUOTED_INCLUDE_IN_FRAMEWORK_HEADER = YES;
				CLANG_WARN_RANGE_LOOP_ANALYSIS = YES;
				CLANG_WARN_STRICT_PROTOTYPES = YES;
				CLANG_WARN_SUSPICIOUS_MOVE = YES;
				CLANG_WARN_UNGUARDED_AVAILABILITY = YES_AGGRESSIVE;
				CLANG_WARN_UNREACHABLE_CODE = YES;
				CLANG_WARN__DUPLICATE_METHOD_MATCH = YES;
				COPY_PHASE_STRIP = NO;
				DEBUG_INFORMATION_FORMAT = dwarf;
				ENABLE_STRICT_OBJC_MSGSEND = YES;
				ENABLE_TESTABILITY = YES;
				GCC_C_LANGUAGE_STANDARD = gnu11;
				GCC_DYNAMIC_NO_PIC = NO;
				GCC_NO_COMMON_BLOCKS = YES;
				GCC_OPTIMIZATION_LEVEL = 0;
				GCC_PREPROCESSOR_DEFINITIONS = (
					"DEBUG=1",
					"$(inherited)",
				);
				GCC_WARN_64_TO_32_BIT_CONVERSION = YES;
				GCC_WARN_ABOUT_RETURN_TYPE = YES_ERROR;
				GCC_WARN_UNDECLARED_SELECTOR = YES;
				GCC_WARN_UNINITIALIZED_AUTOS = YES_AGGRESSIVE;
				GCC_WARN_UNUSED_FUNCTION = YES;
				GCC_WARN_UNUSED_VARIABLE = YES;
				MACOSX_DEPLOYMENT_TARGET = 11.3;
				MTL_ENABLE_DEBUG_INFO = INCLUDE_SOURCE;
				MTL_FAST_MATH = YES;
				ONLY_ACTIVE_ARCH = YES;
				SDKROOT = macosx;
				SWIFT_ACTIVE_COMPILATION_CONDITIONS = DEBUG;
				SWIFT_OPTIMIZATION_LEVEL = "-Onone";
			};
			name = Debug;
		};
		8A973E55270B2D6B00EA3667 /* Release */ = {
			isa = XCBuildConfiguration;
			buildSettings = {
				ALWAYS_SEARCH_USER_PATHS = NO;
				CLANG_ANALYZER_NONNULL = YES;
				CLANG_ANALYZER_NUMBER_OBJECT_CONVERSION = YES_AGGRESSIVE;
				CLANG_CXX_LANGUAGE_STANDARD = "gnu++17";
				CLANG_CXX_LIBRARY = "libc++";
				CLANG_ENABLE_MODULES = YES;
				CLANG_ENABLE_OBJC_ARC = YES;
				CLANG_ENABLE_OBJC_WEAK = YES;
				CLANG_WARN_BLOCK_CAPTURE_AUTORELEASING = YES;
				CLANG_WARN_BOOL_CONVERSION = YES;
				CLANG_WARN_COMMA = YES;
				CLANG_WARN_CONSTANT_CONVERSION = YES;
				CLANG_WARN_DEPRECATED_OBJC_IMPLEMENTATIONS = YES;
				CLANG_WARN_DIRECT_OBJC_ISA_USAGE = YES_ERROR;
				CLANG_WARN_DOCUMENTATION_COMMENTS = YES;
				CLANG_WARN_EMPTY_BODY = YES;
				CLANG_WARN_ENUM_CONVERSION = YES;
				CLANG_WARN_INFINITE_RECURSION = YES;
				CLANG_WARN_INT_CONVERSION = YES;
				CLANG_WARN_NON_LITERAL_NULL_CONVERSION = YES;
				CLANG_WARN_OBJC_IMPLICIT_RETAIN_SELF = YES;
				CLANG_WARN_OBJC_LITERAL_CONVERSION = YES;
				CLANG_WARN_OBJC_ROOT_CLASS = YES_ERROR;
				CLANG_WARN_QUOTED_INCLUDE_IN_FRAMEWORK_HEADER = YES;
				CLANG_WARN_RANGE_LOOP_ANALYSIS = YES;
				CLANG_WARN_STRICT_PROTOTYPES = YES;
				CLANG_WARN_SUSPICIOUS_MOVE = YES;
				CLANG_WARN_UNGUARDED_AVAILABILITY = YES_AGGRESSIVE;
				CLANG_WARN_UNREACHABLE_CODE = YES;
				CLANG_WARN__DUPLICATE_METHOD_MATCH = YES;
				COPY_PHASE_STRIP = NO;
				DEBUG_INFORMATION_FORMAT = "dwarf-with-dsym";
				ENABLE_NS_ASSERTIONS = NO;
				ENABLE_STRICT_OBJC_MSGSEND = YES;
				GCC_C_LANGUAGE_STANDARD = gnu11;
				GCC_NO_COMMON_BLOCKS = YES;
				GCC_WARN_64_TO_32_BIT_CONVERSION = YES;
				GCC_WARN_ABOUT_RETURN_TYPE = YES_ERROR;
				GCC_WARN_UNDECLARED_SELECTOR = YES;
				GCC_WARN_UNINITIALIZED_AUTOS = YES_AGGRESSIVE;
				GCC_WARN_UNUSED_FUNCTION = YES;
				GCC_WARN_UNUSED_VARIABLE = YES;
				MACOSX_DEPLOYMENT_TARGET = 11.3;
				MTL_ENABLE_DEBUG_INFO = NO;
				MTL_FAST_MATH = YES;
				SDKROOT = macosx;
				SWIFT_COMPILATION_MODE = wholemodule;
				SWIFT_OPTIMIZATION_LEVEL = "-O";
			};
			name = Release;
		};
		8A973E57270B2D6B00EA3667 /* Debug */ = {
			isa = XCBuildConfiguration;
			buildSettings = {
				CODE_SIGN_STYLE = Automatic;
				DEVELOPMENT_TEAM = XJXA3BQDMJ;
				ENABLE_HARDENED_RUNTIME = YES;
				PRODUCT_NAME = "$(TARGET_NAME)";
				SWIFT_VERSION = 5.0;
			};
			name = Debug;
		};
		8A973E58270B2D6B00EA3667 /* Release */ = {
			isa = XCBuildConfiguration;
			buildSettings = {
				CODE_SIGN_STYLE = Automatic;
				DEVELOPMENT_TEAM = XJXA3BQDMJ;
				ENABLE_HARDENED_RUNTIME = YES;
				PRODUCT_NAME = "$(TARGET_NAME)";
				SWIFT_VERSION = 5.0;
			};
			name = Release;
		};
/* End XCBuildConfiguration section */

/* Begin XCConfigurationList section */
		8A973E4A270B2D6B00EA3667 /* Build configuration list for PBXProject "BFS_BOJ" */ = {
			isa = XCConfigurationList;
			buildConfigurations = (
				8A973E54270B2D6B00EA3667 /* Debug */,
				8A973E55270B2D6B00EA3667 /* Release */,
			);
			defaultConfigurationIsVisible = 0;
			defaultConfigurationName = Release;
		};
		8A973E56270B2D6B00EA3667 /* Build configuration list for PBXNativeTarget "BFS_BOJ" */ = {
			isa = XCConfigurationList;
			buildConfigurations = (
				8A973E57270B2D6B00EA3667 /* Debug */,
				8A973E58270B2D6B00EA3667 /* Release */,
			);
			defaultConfigurationIsVisible = 0;
			defaultConfigurationName = Release;
		};
/* End XCConfigurationList section */
	};
	rootObject = 8A973E47270B2D6B00EA3667 /* Project object */;
}
