// !$*UTF8*$!
{
	archiveVersion = 1;
	classes = {
	};
	objectVersion = 55;
	objects = {

/* Begin PBXBuildFile section */
		8A16965F2732F1C9008A90B8 /* 1822.swift in Sources */ = {isa = PBXBuildFile; fileRef = 8A16965E2732F1C9008A90B8 /* 1822.swift */; };
		8A31DDD42724746800D96EE3 /* 10816.swift in Sources */ = {isa = PBXBuildFile; fileRef = 8A31DDD32724744700D96EE3 /* 10816.swift */; };
		8A3BCFEA2717BC7A0043BD3E /* main.swift in Sources */ = {isa = PBXBuildFile; fileRef = 8A3BCFE92717BC7A0043BD3E /* main.swift */; };
		8AB5A2A9272AA66C00DB04CA /* 2295_2.swift in Sources */ = {isa = PBXBuildFile; fileRef = 8AB5A2A8272AA66C00DB04CA /* 2295_2.swift */; };
		8AB5A2AB272AB59500DB04CA /* 2295_1.swift in Sources */ = {isa = PBXBuildFile; fileRef = 8AB5A2AA272AB59500DB04CA /* 2295_1.swift */; };
		8AB5A2AD272ABDF700DB04CA /* 1654.swift in Sources */ = {isa = PBXBuildFile; fileRef = 8AB5A2AC272ABDF700DB04CA /* 1654.swift */; };
		8ACCF744272546DE008DAEE3 /* 18870.swift in Sources */ = {isa = PBXBuildFile; fileRef = 8ACCF743272546DE008DAEE3 /* 18870.swift */; };
		8ACCF74627259683008DAEE3 /* 10816_v2.swift in Sources */ = {isa = PBXBuildFile; fileRef = 8ACCF74527259683008DAEE3 /* 10816_v2.swift */; };
		8AD945672733DD7600DA3899 /* 16401.swift in Sources */ = {isa = PBXBuildFile; fileRef = 8AD945662733DD7600DA3899 /* 16401.swift */; };
		8AD945692733DE8500DA3899 /* 2805.swift in Sources */ = {isa = PBXBuildFile; fileRef = 8AD945682733DE8500DA3899 /* 2805.swift */; };
		8AD9456B2733F8B400DA3899 /* 18869.swift in Sources */ = {isa = PBXBuildFile; fileRef = 8AD9456A2733F8B400DA3899 /* 18869.swift */; };
		8AE121882724712D0044C1FF /* 1920.swift in Sources */ = {isa = PBXBuildFile; fileRef = 8AE1218527246EDA0044C1FF /* 1920.swift */; };
		8AE121892724716A0044C1FF /* 12852.swift in Sources */ = {isa = PBXBuildFile; fileRef = 8A298BEC271B1A00001AD94A /* 12852.swift */; };
		8AE1218A272471750044C1FF /* 1463.swift in Sources */ = {isa = PBXBuildFile; fileRef = 8A3BCFF22717C4F90043BD3E /* 1463.swift */; };
		8AE1218B272471750044C1FF /* 2579.swift in Sources */ = {isa = PBXBuildFile; fileRef = 8A3BCFF42717D09E0043BD3E /* 2579.swift */; };
		8AE1218C272471750044C1FF /* 10844.swift in Sources */ = {isa = PBXBuildFile; fileRef = 8A2D59552722D34100F16E4B /* 10844.swift */; };
		8AE1218D272471750044C1FF /* 14501.swift in Sources */ = {isa = PBXBuildFile; fileRef = 8AE7F34327223C0300A4CFE9 /* 14501.swift */; };
		8AE1218E272471750044C1FF /* 9095.swift in Sources */ = {isa = PBXBuildFile; fileRef = 8A3BCFF02717BD620043BD3E /* 9095.swift */; };
		8AE1218F272471750044C1FF /* 11659.swift in Sources */ = {isa = PBXBuildFile; fileRef = 8A298BE9271B103B001AD94A /* 11659.swift */; };
		8AE12190272471750044C1FF /* 9461.swift in Sources */ = {isa = PBXBuildFile; fileRef = 8A8AD2CF2720F095006B3495 /* 9461.swift */; };
		8AE12191272471750044C1FF /* 1932.swift in Sources */ = {isa = PBXBuildFile; fileRef = 8A613AC0271FB364002080CC /* 1932.swift */; };
		8AE12192272471750044C1FF /* 12852TopDown.swift in Sources */ = {isa = PBXBuildFile; fileRef = 8A298BF0271B4784001AD94A /* 12852TopDown.swift */; };
		8AE12193272471750044C1FF /* 11726.swift in Sources */ = {isa = PBXBuildFile; fileRef = 8A298BE8271B103B001AD94A /* 11726.swift */; };
		8AE12194272471750044C1FF /* 1149.swift in Sources */ = {isa = PBXBuildFile; fileRef = 8ADE3A8C27181D0C005FC3E3 /* 1149.swift */; };
		8AE12195272471750044C1FF /* 1003.swift in Sources */ = {isa = PBXBuildFile; fileRef = 8A8E064D271EDB0700019031 /* 1003.swift */; };
		8AE121C1272472220044C1FF /* 2606.swift in Sources */ = {isa = PBXBuildFile; fileRef = 8AE121B5272472220044C1FF /* 2606.swift */; };
		8AE121C2272472220044C1FF /* 1697.swift in Sources */ = {isa = PBXBuildFile; fileRef = 8AE121BF272472220044C1FF /* 1697.swift */; };
		8AE121C3272472220044C1FF /* 2667.swift in Sources */ = {isa = PBXBuildFile; fileRef = 8AE121BA272472220044C1FF /* 2667.swift */; };
		8AE121C4272472220044C1FF /* 2583.swift in Sources */ = {isa = PBXBuildFile; fileRef = 8AE121BD272472220044C1FF /* 2583.swift */; };
		8AE121C5272472220044C1FF /* 7576.swift in Sources */ = {isa = PBXBuildFile; fileRef = 8AE121B6272472220044C1FF /* 7576.swift */; };
		8AE121C6272472220044C1FF /* 7562.swift in Sources */ = {isa = PBXBuildFile; fileRef = 8AE121BB272472220044C1FF /* 7562.swift */; };
		8AE121C7272472220044C1FF /* 2178.swift in Sources */ = {isa = PBXBuildFile; fileRef = 8AE121B7272472220044C1FF /* 2178.swift */; };
		8AE121C8272472220044C1FF /* 1012.swift in Sources */ = {isa = PBXBuildFile; fileRef = 8AE121B3272472210044C1FF /* 1012.swift */; };
		8AE121C9272472220044C1FF /* 2468.swift in Sources */ = {isa = PBXBuildFile; fileRef = 8AE121BE272472220044C1FF /* 2468.swift */; };
		8AE121CA272472220044C1FF /* 4179.swift in Sources */ = {isa = PBXBuildFile; fileRef = 8AE121B4272472220044C1FF /* 4179.swift */; };
		8AE121CB272472220044C1FF /* 10026.swift in Sources */ = {isa = PBXBuildFile; fileRef = 8AE121BC272472220044C1FF /* 10026.swift */; };
		8AE121CC272472220044C1FF /* 5427.swift in Sources */ = {isa = PBXBuildFile; fileRef = 8AE121C0272472220044C1FF /* 5427.swift */; };
		8AE121CD272472220044C1FF /* 1926.swift in Sources */ = {isa = PBXBuildFile; fileRef = 8AE121B9272472220044C1FF /* 1926.swift */; };
		8AE121CE272472220044C1FF /* 7569.swift in Sources */ = {isa = PBXBuildFile; fileRef = 8AE121B8272472220044C1FF /* 7569.swift */; };
		8AE121D3272472AD0044C1FF /* 2146.swift in Sources */ = {isa = PBXBuildFile; fileRef = 8AE121D2272472AD0044C1FF /* 2146.swift */; };
/* End PBXBuildFile section */

/* Begin PBXCopyFilesBuildPhase section */
		8A3BCFE42717BC7A0043BD3E /* CopyFiles */ = {
			isa = PBXCopyFilesBuildPhase;
			buildActionMask = 2147483647;
			dstPath = /usr/share/man/man1/;
			dstSubfolderSpec = 0;
			files = (
			);
			runOnlyForDeploymentPostprocessing = 1;
		};
/* End PBXCopyFilesBuildPhase section */

/* Begin PBXFileReference section */
		8A16965E2732F1C9008A90B8 /* 1822.swift */ = {isa = PBXFileReference; lastKnownFileType = sourcecode.swift; path = 1822.swift; sourceTree = "<group>"; };
		8A298BE8271B103B001AD94A /* 11726.swift */ = {isa = PBXFileReference; fileEncoding = 4; lastKnownFileType = sourcecode.swift; path = 11726.swift; sourceTree = "<group>"; };
		8A298BE9271B103B001AD94A /* 11659.swift */ = {isa = PBXFileReference; fileEncoding = 4; lastKnownFileType = sourcecode.swift; path = 11659.swift; sourceTree = "<group>"; };
		8A298BEC271B1A00001AD94A /* 12852.swift */ = {isa = PBXFileReference; lastKnownFileType = sourcecode.swift; path = 12852.swift; sourceTree = "<group>"; };
		8A298BF0271B4784001AD94A /* 12852TopDown.swift */ = {isa = PBXFileReference; lastKnownFileType = sourcecode.swift; path = 12852TopDown.swift; sourceTree = "<group>"; };
		8A2D59552722D34100F16E4B /* 10844.swift */ = {isa = PBXFileReference; lastKnownFileType = sourcecode.swift; path = 10844.swift; sourceTree = "<group>"; };
		8A31DDD32724744700D96EE3 /* 10816.swift */ = {isa = PBXFileReference; lastKnownFileType = sourcecode.swift; path = 10816.swift; sourceTree = "<group>"; };
		8A3BCFE62717BC7A0043BD3E /* Algorithms */ = {isa = PBXFileReference; explicitFileType = "compiled.mach-o.executable"; includeInIndex = 0; path = Algorithms; sourceTree = BUILT_PRODUCTS_DIR; };
		8A3BCFE92717BC7A0043BD3E /* main.swift */ = {isa = PBXFileReference; lastKnownFileType = sourcecode.swift; path = main.swift; sourceTree = "<group>"; };
		8A3BCFF02717BD620043BD3E /* 9095.swift */ = {isa = PBXFileReference; lastKnownFileType = sourcecode.swift; path = 9095.swift; sourceTree = "<group>"; };
		8A3BCFF22717C4F90043BD3E /* 1463.swift */ = {isa = PBXFileReference; lastKnownFileType = sourcecode.swift; path = 1463.swift; sourceTree = "<group>"; };
		8A3BCFF42717D09E0043BD3E /* 2579.swift */ = {isa = PBXFileReference; lastKnownFileType = sourcecode.swift; path = 2579.swift; sourceTree = "<group>"; };
		8A613AC0271FB364002080CC /* 1932.swift */ = {isa = PBXFileReference; lastKnownFileType = sourcecode.swift; path = 1932.swift; sourceTree = "<group>"; };
		8A8AD2CF2720F095006B3495 /* 9461.swift */ = {isa = PBXFileReference; lastKnownFileType = sourcecode.swift; path = 9461.swift; sourceTree = "<group>"; };
		8A8E064D271EDB0700019031 /* 1003.swift */ = {isa = PBXFileReference; lastKnownFileType = sourcecode.swift; path = 1003.swift; sourceTree = "<group>"; };
		8AB5A2A8272AA66C00DB04CA /* 2295_2.swift */ = {isa = PBXFileReference; lastKnownFileType = sourcecode.swift; path = 2295_2.swift; sourceTree = "<group>"; };
		8AB5A2AA272AB59500DB04CA /* 2295_1.swift */ = {isa = PBXFileReference; lastKnownFileType = sourcecode.swift; path = 2295_1.swift; sourceTree = "<group>"; };
		8AB5A2AC272ABDF700DB04CA /* 1654.swift */ = {isa = PBXFileReference; lastKnownFileType = sourcecode.swift; path = 1654.swift; sourceTree = "<group>"; };
		8ACCF743272546DE008DAEE3 /* 18870.swift */ = {isa = PBXFileReference; lastKnownFileType = sourcecode.swift; path = 18870.swift; sourceTree = "<group>"; };
		8ACCF74527259683008DAEE3 /* 10816_v2.swift */ = {isa = PBXFileReference; lastKnownFileType = sourcecode.swift; path = 10816_v2.swift; sourceTree = "<group>"; };
		8AD945662733DD7600DA3899 /* 16401.swift */ = {isa = PBXFileReference; lastKnownFileType = sourcecode.swift; path = 16401.swift; sourceTree = "<group>"; };
		8AD945682733DE8500DA3899 /* 2805.swift */ = {isa = PBXFileReference; lastKnownFileType = sourcecode.swift; path = 2805.swift; sourceTree = "<group>"; };
		8AD9456A2733F8B400DA3899 /* 18869.swift */ = {isa = PBXFileReference; lastKnownFileType = sourcecode.swift; path = 18869.swift; sourceTree = "<group>"; };
		8ADE3A8C27181D0C005FC3E3 /* 1149.swift */ = {isa = PBXFileReference; lastKnownFileType = sourcecode.swift; path = 1149.swift; sourceTree = "<group>"; };
		8AE1218527246EDA0044C1FF /* 1920.swift */ = {isa = PBXFileReference; lastKnownFileType = sourcecode.swift; path = 1920.swift; sourceTree = "<group>"; };
		8AE121B3272472210044C1FF /* 1012.swift */ = {isa = PBXFileReference; lastKnownFileType = sourcecode.swift; path = 1012.swift; sourceTree = "<group>"; };
		8AE121B4272472220044C1FF /* 4179.swift */ = {isa = PBXFileReference; lastKnownFileType = sourcecode.swift; path = 4179.swift; sourceTree = "<group>"; };
		8AE121B5272472220044C1FF /* 2606.swift */ = {isa = PBXFileReference; lastKnownFileType = sourcecode.swift; path = 2606.swift; sourceTree = "<group>"; };
		8AE121B6272472220044C1FF /* 7576.swift */ = {isa = PBXFileReference; lastKnownFileType = sourcecode.swift; path = 7576.swift; sourceTree = "<group>"; };
		8AE121B7272472220044C1FF /* 2178.swift */ = {isa = PBXFileReference; lastKnownFileType = sourcecode.swift; path = 2178.swift; sourceTree = "<group>"; };
		8AE121B8272472220044C1FF /* 7569.swift */ = {isa = PBXFileReference; lastKnownFileType = sourcecode.swift; path = 7569.swift; sourceTree = "<group>"; };
		8AE121B9272472220044C1FF /* 1926.swift */ = {isa = PBXFileReference; lastKnownFileType = sourcecode.swift; path = 1926.swift; sourceTree = "<group>"; };
		8AE121BA272472220044C1FF /* 2667.swift */ = {isa = PBXFileReference; lastKnownFileType = sourcecode.swift; path = 2667.swift; sourceTree = "<group>"; };
		8AE121BB272472220044C1FF /* 7562.swift */ = {isa = PBXFileReference; lastKnownFileType = sourcecode.swift; path = 7562.swift; sourceTree = "<group>"; };
		8AE121BC272472220044C1FF /* 10026.swift */ = {isa = PBXFileReference; lastKnownFileType = sourcecode.swift; path = 10026.swift; sourceTree = "<group>"; };
		8AE121BD272472220044C1FF /* 2583.swift */ = {isa = PBXFileReference; lastKnownFileType = sourcecode.swift; path = 2583.swift; sourceTree = "<group>"; };
		8AE121BE272472220044C1FF /* 2468.swift */ = {isa = PBXFileReference; lastKnownFileType = sourcecode.swift; path = 2468.swift; sourceTree = "<group>"; };
		8AE121BF272472220044C1FF /* 1697.swift */ = {isa = PBXFileReference; lastKnownFileType = sourcecode.swift; path = 1697.swift; sourceTree = "<group>"; };
		8AE121C0272472220044C1FF /* 5427.swift */ = {isa = PBXFileReference; lastKnownFileType = sourcecode.swift; path = 5427.swift; sourceTree = "<group>"; };
		8AE121D2272472AD0044C1FF /* 2146.swift */ = {isa = PBXFileReference; lastKnownFileType = sourcecode.swift; path = 2146.swift; sourceTree = "<group>"; };
		8AE7F34327223C0300A4CFE9 /* 14501.swift */ = {isa = PBXFileReference; lastKnownFileType = sourcecode.swift; path = 14501.swift; sourceTree = "<group>"; };
/* End PBXFileReference section */

/* Begin PBXFrameworksBuildPhase section */
		8A3BCFE32717BC7A0043BD3E /* Frameworks */ = {
			isa = PBXFrameworksBuildPhase;
			buildActionMask = 2147483647;
			files = (
			);
			runOnlyForDeploymentPostprocessing = 0;
		};
/* End PBXFrameworksBuildPhase section */

/* Begin PBXGroup section */
		8A3BCFDD2717BC7A0043BD3E = {
			isa = PBXGroup;
			children = (
				8AE121872724708F0044C1FF /* Algorithms */,
				8A3BCFE72717BC7A0043BD3E /* Products */,
			);
			sourceTree = "<group>";
		};
		8A3BCFE72717BC7A0043BD3E /* Products */ = {
			isa = PBXGroup;
			children = (
				8A3BCFE62717BC7A0043BD3E /* Algorithms */,
			);
			name = Products;
			sourceTree = "<group>";
		};
		8A3BCFE82717BC7A0043BD3E /* DP */ = {
			isa = PBXGroup;
			children = (
				8A298BEC271B1A00001AD94A /* 12852.swift */,
				8A298BF0271B4784001AD94A /* 12852TopDown.swift */,
				8A3BCFF22717C4F90043BD3E /* 1463.swift */,
				8A3BCFF02717BD620043BD3E /* 9095.swift */,
				8A3BCFF42717D09E0043BD3E /* 2579.swift */,
				8ADE3A8C27181D0C005FC3E3 /* 1149.swift */,
				8A298BE9271B103B001AD94A /* 11659.swift */,
				8A298BE8271B103B001AD94A /* 11726.swift */,
				8A8E064D271EDB0700019031 /* 1003.swift */,
				8A613AC0271FB364002080CC /* 1932.swift */,
				8A8AD2CF2720F095006B3495 /* 9461.swift */,
				8AE7F34327223C0300A4CFE9 /* 14501.swift */,
				8A2D59552722D34100F16E4B /* 10844.swift */,
			);
			path = DP;
			sourceTree = "<group>";
		};
		8AE1218427246E7D0044C1FF /* BS */ = {
			isa = PBXGroup;
			children = (
				8AE1218527246EDA0044C1FF /* 1920.swift */,
				8A31DDD32724744700D96EE3 /* 10816.swift */,
				8ACCF743272546DE008DAEE3 /* 18870.swift */,
				8AB5A2AA272AB59500DB04CA /* 2295_1.swift */,
				8AB5A2A8272AA66C00DB04CA /* 2295_2.swift */,
				8AB5A2AC272ABDF700DB04CA /* 1654.swift */,
				8ACCF74527259683008DAEE3 /* 10816_v2.swift */,
				8A16965E2732F1C9008A90B8 /* 1822.swift */,
				8AD945662733DD7600DA3899 /* 16401.swift */,
				8AD945682733DE8500DA3899 /* 2805.swift */,
				8AD9456A2733F8B400DA3899 /* 18869.swift */,
			);
			path = BS;
			sourceTree = "<group>";
		};
		8AE121872724708F0044C1FF /* Algorithms */ = {
			isa = PBXGroup;
			children = (
				8A3BCFE92717BC7A0043BD3E /* main.swift */,
				8AE1218427246E7D0044C1FF /* BS */,
				8A3BCFE82717BC7A0043BD3E /* DP */,
				8AE121CF272472330044C1FF /* BFS */,
			);
			path = Algorithms;
			sourceTree = "<group>";
		};
		8AE121CF272472330044C1FF /* BFS */ = {
			isa = PBXGroup;
			children = (
				8AE121B3272472210044C1FF /* 1012.swift */,
				8AE121BF272472220044C1FF /* 1697.swift */,
				8AE121B9272472220044C1FF /* 1926.swift */,
				8AE121B7272472220044C1FF /* 2178.swift */,
				8AE121BE272472220044C1FF /* 2468.swift */,
				8AE121BD272472220044C1FF /* 2583.swift */,
				8AE121B5272472220044C1FF /* 2606.swift */,
				8AE121BA272472220044C1FF /* 2667.swift */,
				8AE121B4272472220044C1FF /* 4179.swift */,
				8AE121C0272472220044C1FF /* 5427.swift */,
				8AE121BB272472220044C1FF /* 7562.swift */,
				8AE121B8272472220044C1FF /* 7569.swift */,
				8AE121B6272472220044C1FF /* 7576.swift */,
				8AE121BC272472220044C1FF /* 10026.swift */,
				8AE121D2272472AD0044C1FF /* 2146.swift */,
			);
			path = BFS;
			sourceTree = "<group>";
		};
/* End PBXGroup section */

/* Begin PBXNativeTarget section */
		8A3BCFE52717BC7A0043BD3E /* Algorithms */ = {
			isa = PBXNativeTarget;
			buildConfigurationList = 8A3BCFED2717BC7A0043BD3E /* Build configuration list for PBXNativeTarget "Algorithms" */;
			buildPhases = (
				8A3BCFE22717BC7A0043BD3E /* Sources */,
				8A3BCFE32717BC7A0043BD3E /* Frameworks */,
				8A3BCFE42717BC7A0043BD3E /* CopyFiles */,
			);
			buildRules = (
			);
			dependencies = (
			);
			name = Algorithms;
			productName = DP;
			productReference = 8A3BCFE62717BC7A0043BD3E /* Algorithms */;
			productType = "com.apple.product-type.tool";
		};
/* End PBXNativeTarget section */

/* Begin PBXProject section */
		8A3BCFDE2717BC7A0043BD3E /* Project object */ = {
			isa = PBXProject;
			attributes = {
				BuildIndependentTargetsInParallel = 1;
				LastSwiftUpdateCheck = 1300;
				LastUpgradeCheck = 1300;
				TargetAttributes = {
					8A3BCFE52717BC7A0043BD3E = {
						CreatedOnToolsVersion = 13.0;
					};
				};
			};
			buildConfigurationList = 8A3BCFE12717BC7A0043BD3E /* Build configuration list for PBXProject "Algorithms" */;
			compatibilityVersion = "Xcode 13.0";
			developmentRegion = en;
			hasScannedForEncodings = 0;
			knownRegions = (
				en,
				Base,
			);
			mainGroup = 8A3BCFDD2717BC7A0043BD3E;
			productRefGroup = 8A3BCFE72717BC7A0043BD3E /* Products */;
			projectDirPath = "";
			projectRoot = "";
			targets = (
				8A3BCFE52717BC7A0043BD3E /* Algorithms */,
			);
		};
/* End PBXProject section */

/* Begin PBXSourcesBuildPhase section */
		8A3BCFE22717BC7A0043BD3E /* Sources */ = {
			isa = PBXSourcesBuildPhase;
			buildActionMask = 2147483647;
			files = (
				8AD945672733DD7600DA3899 /* 16401.swift in Sources */,
				8AE1218B272471750044C1FF /* 2579.swift in Sources */,
				8A3BCFEA2717BC7A0043BD3E /* main.swift in Sources */,
				8AE12192272471750044C1FF /* 12852TopDown.swift in Sources */,
				8AD9456B2733F8B400DA3899 /* 18869.swift in Sources */,
				8AE121C1272472220044C1FF /* 2606.swift in Sources */,
				8A16965F2732F1C9008A90B8 /* 1822.swift in Sources */,
				8AE121C8272472220044C1FF /* 1012.swift in Sources */,
				8AE121C2272472220044C1FF /* 1697.swift in Sources */,
				8AE1218F272471750044C1FF /* 11659.swift in Sources */,
				8AD945692733DE8500DA3899 /* 2805.swift in Sources */,
				8AE121882724712D0044C1FF /* 1920.swift in Sources */,
				8AE1218C272471750044C1FF /* 10844.swift in Sources */,
				8AE12191272471750044C1FF /* 1932.swift in Sources */,
				8ACCF74627259683008DAEE3 /* 10816_v2.swift in Sources */,
				8AE12190272471750044C1FF /* 9461.swift in Sources */,
				8AE121CB272472220044C1FF /* 10026.swift in Sources */,
				8AE12195272471750044C1FF /* 1003.swift in Sources */,
				8AE121CE272472220044C1FF /* 7569.swift in Sources */,
				8ACCF744272546DE008DAEE3 /* 18870.swift in Sources */,
				8AE1218E272471750044C1FF /* 9095.swift in Sources */,
				8AB5A2AD272ABDF700DB04CA /* 1654.swift in Sources */,
				8AE121CC272472220044C1FF /* 5427.swift in Sources */,
				8AE121D3272472AD0044C1FF /* 2146.swift in Sources */,
				8AE121CD272472220044C1FF /* 1926.swift in Sources */,
				8AE121C3272472220044C1FF /* 2667.swift in Sources */,
				8AB5A2A9272AA66C00DB04CA /* 2295_2.swift in Sources */,
				8AE1218D272471750044C1FF /* 14501.swift in Sources */,
				8AE121CA272472220044C1FF /* 4179.swift in Sources */,
				8AE121C5272472220044C1FF /* 7576.swift in Sources */,
				8AE121C7272472220044C1FF /* 2178.swift in Sources */,
				8AE121C9272472220044C1FF /* 2468.swift in Sources */,
				8AE121C4272472220044C1FF /* 2583.swift in Sources */,
				8AB5A2AB272AB59500DB04CA /* 2295_1.swift in Sources */,
				8AE121892724716A0044C1FF /* 12852.swift in Sources */,
				8AE121C6272472220044C1FF /* 7562.swift in Sources */,
				8AE12193272471750044C1FF /* 11726.swift in Sources */,
				8AE12194272471750044C1FF /* 1149.swift in Sources */,
				8A31DDD42724746800D96EE3 /* 10816.swift in Sources */,
				8AE1218A272471750044C1FF /* 1463.swift in Sources */,
			);
			runOnlyForDeploymentPostprocessing = 0;
		};
/* End PBXSourcesBuildPhase section */

/* Begin XCBuildConfiguration section */
		8A3BCFEB2717BC7A0043BD3E /* Debug */ = {
			isa = XCBuildConfiguration;
			buildSettings = {
				ALWAYS_SEARCH_USER_PATHS = NO;
				CLANG_ANALYZER_NONNULL = YES;
				CLANG_ANALYZER_NUMBER_OBJECT_CONVERSION = YES_AGGRESSIVE;
				CLANG_CXX_LANGUAGE_STANDARD = "gnu++17";
				CLANG_CXX_LIBRARY = "libc++";
				CLANG_ENABLE_MODULES = YES;
				CLANG_ENABLE_OBJC_ARC = YES;
				CLANG_ENABLE_OBJC_WEAK = YES;
				CLANG_WARN_BLOCK_CAPTURE_AUTORELEASING = YES;
				CLANG_WARN_BOOL_CONVERSION = YES;
				CLANG_WARN_COMMA = YES;
				CLANG_WARN_CONSTANT_CONVERSION = YES;
				CLANG_WARN_DEPRECATED_OBJC_IMPLEMENTATIONS = YES;
				CLANG_WARN_DIRECT_OBJC_ISA_USAGE = YES_ERROR;
				CLANG_WARN_DOCUMENTATION_COMMENTS = YES;
				CLANG_WARN_EMPTY_BODY = YES;
				CLANG_WARN_ENUM_CONVERSION = YES;
				CLANG_WARN_INFINITE_RECURSION = YES;
				CLANG_WARN_INT_CONVERSION = YES;
				CLANG_WARN_NON_LITERAL_NULL_CONVERSION = YES;
				CLANG_WARN_OBJC_IMPLICIT_RETAIN_SELF = YES;
				CLANG_WARN_OBJC_LITERAL_CONVERSION = YES;
				CLANG_WARN_OBJC_ROOT_CLASS = YES_ERROR;
				CLANG_WARN_QUOTED_INCLUDE_IN_FRAMEWORK_HEADER = YES;
				CLANG_WARN_RANGE_LOOP_ANALYSIS = YES;
				CLANG_WARN_STRICT_PROTOTYPES = YES;
				CLANG_WARN_SUSPICIOUS_MOVE = YES;
				CLANG_WARN_UNGUARDED_AVAILABILITY = YES_AGGRESSIVE;
				CLANG_WARN_UNREACHABLE_CODE = YES;
				CLANG_WARN__DUPLICATE_METHOD_MATCH = YES;
				COPY_PHASE_STRIP = NO;
				DEBUG_INFORMATION_FORMAT = dwarf;
				ENABLE_STRICT_OBJC_MSGSEND = YES;
				ENABLE_TESTABILITY = YES;
				GCC_C_LANGUAGE_STANDARD = gnu11;
				GCC_DYNAMIC_NO_PIC = NO;
				GCC_NO_COMMON_BLOCKS = YES;
				GCC_OPTIMIZATION_LEVEL = 0;
				GCC_PREPROCESSOR_DEFINITIONS = (
					"DEBUG=1",
					"$(inherited)",
				);
				GCC_WARN_64_TO_32_BIT_CONVERSION = YES;
				GCC_WARN_ABOUT_RETURN_TYPE = YES_ERROR;
				GCC_WARN_UNDECLARED_SELECTOR = YES;
				GCC_WARN_UNINITIALIZED_AUTOS = YES_AGGRESSIVE;
				GCC_WARN_UNUSED_FUNCTION = YES;
				GCC_WARN_UNUSED_VARIABLE = YES;
				MACOSX_DEPLOYMENT_TARGET = 11.3;
				MTL_ENABLE_DEBUG_INFO = INCLUDE_SOURCE;
				MTL_FAST_MATH = YES;
				ONLY_ACTIVE_ARCH = YES;
				SDKROOT = macosx;
				SWIFT_ACTIVE_COMPILATION_CONDITIONS = DEBUG;
				SWIFT_OPTIMIZATION_LEVEL = "-Onone";
			};
			name = Debug;
		};
		8A3BCFEC2717BC7A0043BD3E /* Release */ = {
			isa = XCBuildConfiguration;
			buildSettings = {
				ALWAYS_SEARCH_USER_PATHS = NO;
				CLANG_ANALYZER_NONNULL = YES;
				CLANG_ANALYZER_NUMBER_OBJECT_CONVERSION = YES_AGGRESSIVE;
				CLANG_CXX_LANGUAGE_STANDARD = "gnu++17";
				CLANG_CXX_LIBRARY = "libc++";
				CLANG_ENABLE_MODULES = YES;
				CLANG_ENABLE_OBJC_ARC = YES;
				CLANG_ENABLE_OBJC_WEAK = YES;
				CLANG_WARN_BLOCK_CAPTURE_AUTORELEASING = YES;
				CLANG_WARN_BOOL_CONVERSION = YES;
				CLANG_WARN_COMMA = YES;
				CLANG_WARN_CONSTANT_CONVERSION = YES;
				CLANG_WARN_DEPRECATED_OBJC_IMPLEMENTATIONS = YES;
				CLANG_WARN_DIRECT_OBJC_ISA_USAGE = YES_ERROR;
				CLANG_WARN_DOCUMENTATION_COMMENTS = YES;
				CLANG_WARN_EMPTY_BODY = YES;
				CLANG_WARN_ENUM_CONVERSION = YES;
				CLANG_WARN_INFINITE_RECURSION = YES;
				CLANG_WARN_INT_CONVERSION = YES;
				CLANG_WARN_NON_LITERAL_NULL_CONVERSION = YES;
				CLANG_WARN_OBJC_IMPLICIT_RETAIN_SELF = YES;
				CLANG_WARN_OBJC_LITERAL_CONVERSION = YES;
				CLANG_WARN_OBJC_ROOT_CLASS = YES_ERROR;
				CLANG_WARN_QUOTED_INCLUDE_IN_FRAMEWORK_HEADER = YES;
				CLANG_WARN_RANGE_LOOP_ANALYSIS = YES;
				CLANG_WARN_STRICT_PROTOTYPES = YES;
				CLANG_WARN_SUSPICIOUS_MOVE = YES;
				CLANG_WARN_UNGUARDED_AVAILABILITY = YES_AGGRESSIVE;
				CLANG_WARN_UNREACHABLE_CODE = YES;
				CLANG_WARN__DUPLICATE_METHOD_MATCH = YES;
				COPY_PHASE_STRIP = NO;
				DEBUG_INFORMATION_FORMAT = "dwarf-with-dsym";
				ENABLE_NS_ASSERTIONS = NO;
				ENABLE_STRICT_OBJC_MSGSEND = YES;
				GCC_C_LANGUAGE_STANDARD = gnu11;
				GCC_NO_COMMON_BLOCKS = YES;
				GCC_WARN_64_TO_32_BIT_CONVERSION = YES;
				GCC_WARN_ABOUT_RETURN_TYPE = YES_ERROR;
				GCC_WARN_UNDECLARED_SELECTOR = YES;
				GCC_WARN_UNINITIALIZED_AUTOS = YES_AGGRESSIVE;
				GCC_WARN_UNUSED_FUNCTION = YES;
				GCC_WARN_UNUSED_VARIABLE = YES;
				MACOSX_DEPLOYMENT_TARGET = 11.3;
				MTL_ENABLE_DEBUG_INFO = NO;
				MTL_FAST_MATH = YES;
				SDKROOT = macosx;
				SWIFT_COMPILATION_MODE = wholemodule;
				SWIFT_OPTIMIZATION_LEVEL = "-O";
			};
			name = Release;
		};
		8A3BCFEE2717BC7A0043BD3E /* Debug */ = {
			isa = XCBuildConfiguration;
			buildSettings = {
				CODE_SIGN_STYLE = Automatic;
				DEVELOPMENT_TEAM = XJXA3BQDMJ;
				ENABLE_HARDENED_RUNTIME = YES;
				PRODUCT_NAME = "$(TARGET_NAME)";
				SWIFT_VERSION = 5.0;
			};
			name = Debug;
		};
		8A3BCFEF2717BC7A0043BD3E /* Release */ = {
			isa = XCBuildConfiguration;
			buildSettings = {
				CODE_SIGN_STYLE = Automatic;
				DEVELOPMENT_TEAM = XJXA3BQDMJ;
				ENABLE_HARDENED_RUNTIME = YES;
				PRODUCT_NAME = "$(TARGET_NAME)";
				SWIFT_VERSION = 5.0;
			};
			name = Release;
		};
/* End XCBuildConfiguration section */

/* Begin XCConfigurationList section */
		8A3BCFE12717BC7A0043BD3E /* Build configuration list for PBXProject "Algorithms" */ = {
			isa = XCConfigurationList;
			buildConfigurations = (
				8A3BCFEB2717BC7A0043BD3E /* Debug */,
				8A3BCFEC2717BC7A0043BD3E /* Release */,
			);
			defaultConfigurationIsVisible = 0;
			defaultConfigurationName = Release;
		};
		8A3BCFED2717BC7A0043BD3E /* Build configuration list for PBXNativeTarget "Algorithms" */ = {
			isa = XCConfigurationList;
			buildConfigurations = (
				8A3BCFEE2717BC7A0043BD3E /* Debug */,
				8A3BCFEF2717BC7A0043BD3E /* Release */,
			);
			defaultConfigurationIsVisible = 0;
			defaultConfigurationName = Release;
		};
/* End XCConfigurationList section */
	};
	rootObject = 8A3BCFDE2717BC7A0043BD3E /* Project object */;
}
